// !$*UTF8*$!
{
	archiveVersion = 1;
	classes = {
	};
	objectVersion = 77;
	objects = {

/* Begin PBXBuildFile section */
		4115DD8A2E43A20600AACB68 /* Auth in Frameworks */ = {isa = PBXBuildFile; productRef = 4115DD892E43A20600AACB68 /* Auth */; };
		4115DD8C2E43A20600AACB68 /* PostgREST in Frameworks */ = {isa = PBXBuildFile; productRef = 4115DD8B2E43A20600AACB68 /* PostgREST */; };
		4115DD8E2E43A20600AACB68 /* Realtime in Frameworks */ = {isa = PBXBuildFile; productRef = 4115DD8D2E43A20600AACB68 /* Realtime */; };
		4115DD902E43A20600AACB68 /* Storage in Frameworks */ = {isa = PBXBuildFile; productRef = 4115DD8F2E43A20600AACB68 /* Storage */; };
		4115DD922E43A20600AACB68 /* Supabase in Frameworks */ = {isa = PBXBuildFile; productRef = 4115DD912E43A20600AACB68 /* Supabase */; };
/* End PBXBuildFile section */

/* Begin PBXContainerItemProxy section */
		41C1BBA92E3B3E7D00CFDF7F /* PBXContainerItemProxy */ = {
			isa = PBXContainerItemProxy;
			containerPortal = 41C1BB932E3B3E7B00CFDF7F /* Project object */;
			proxyType = 1;
			remoteGlobalIDString = 41C1BB9A2E3B3E7B00CFDF7F;
			remoteInfo = HostelHunt;
		};
		41C1BBB32E3B3E7D00CFDF7F /* PBXContainerItemProxy */ = {
			isa = PBXContainerItemProxy;
			containerPortal = 41C1BB932E3B3E7B00CFDF7F /* Project object */;
			proxyType = 1;
			remoteGlobalIDString = 41C1BB9A2E3B3E7B00CFDF7F;
			remoteInfo = HostelHunt;
		};
/* End PBXContainerItemProxy section */

/* Begin PBXFileReference section */
		41C1BB9B2E3B3E7B00CFDF7F /* HostelHunt.app */ = {isa = PBXFileReference; explicitFileType = wrapper.application; includeInIndex = 0; path = HostelHunt.app; sourceTree = BUILT_PRODUCTS_DIR; };
		41C1BBA82E3B3E7D00CFDF7F /* HostelHuntTests.xctest */ = {isa = PBXFileReference; explicitFileType = wrapper.cfbundle; includeInIndex = 0; path = HostelHuntTests.xctest; sourceTree = BUILT_PRODUCTS_DIR; };
		41C1BBB22E3B3E7D00CFDF7F /* HostelHuntUITests.xctest */ = {isa = PBXFileReference; explicitFileType = wrapper.cfbundle; includeInIndex = 0; path = HostelHuntUITests.xctest; sourceTree = BUILT_PRODUCTS_DIR; };
/* End PBXFileReference section */

/* Begin PBXFileSystemSynchronizedRootGroup section */
		41C1BB9D2E3B3E7B00CFDF7F /* HostelHunt */ = {
			isa = PBXFileSystemSynchronizedRootGroup;
			path = HostelHunt;
			sourceTree = "<group>";
		};
		41C1BBAB2E3B3E7D00CFDF7F /* HostelHuntTests */ = {
			isa = PBXFileSystemSynchronizedRootGroup;
			path = HostelHuntTests;
			sourceTree = "<group>";
		};
		41C1BBB52E3B3E7D00CFDF7F /* HostelHuntUITests */ = {
			isa = PBXFileSystemSynchronizedRootGroup;
			path = HostelHuntUITests;
			sourceTree = "<group>";
		};
/* End PBXFileSystemSynchronizedRootGroup section */

/* Begin PBXFrameworksBuildPhase section */
		41C1BB982E3B3E7B00CFDF7F /* Frameworks */ = {
			isa = PBXFrameworksBuildPhase;
			buildActionMask = 2147483647;
			files = (
				4115DD922E43A20600AACB68 /* Supabase in Frameworks */,
				4115DD902E43A20600AACB68 /* Storage in Frameworks */,
				4115DD8E2E43A20600AACB68 /* Realtime in Frameworks */,
				4115DD8C2E43A20600AACB68 /* PostgREST in Frameworks */,
				4115DD8A2E43A20600AACB68 /* Auth in Frameworks */,
			);
			runOnlyForDeploymentPostprocessing = 0;
		};
		41C1BBA52E3B3E7D00CFDF7F /* Frameworks */ = {
			isa = PBXFrameworksBuildPhase;
			buildActionMask = 2147483647;
			files = (
			);
			runOnlyForDeploymentPostprocessing = 0;
		};
		41C1BBAF2E3B3E7D00CFDF7F /* Frameworks */ = {
			isa = PBXFrameworksBuildPhase;
			buildActionMask = 2147483647;
			files = (
			);
			runOnlyForDeploymentPostprocessing = 0;
		};
/* End PBXFrameworksBuildPhase section */

/* Begin PBXGroup section */
		41C1BB922E3B3E7B00CFDF7F = {
			isa = PBXGroup;
			children = (
				41C1BB9D2E3B3E7B00CFDF7F /* HostelHunt */,
				41C1BBAB2E3B3E7D00CFDF7F /* HostelHuntTests */,
				41C1BBB52E3B3E7D00CFDF7F /* HostelHuntUITests */,
				41C1BB9C2E3B3E7B00CFDF7F /* Products */,
			);
			sourceTree = "<group>";
		};
		41C1BB9C2E3B3E7B00CFDF7F /* Products */ = {
			isa = PBXGroup;
			children = (
				41C1BB9B2E3B3E7B00CFDF7F /* HostelHunt.app */,
				41C1BBA82E3B3E7D00CFDF7F /* HostelHuntTests.xctest */,
				41C1BBB22E3B3E7D00CFDF7F /* HostelHuntUITests.xctest */,
			);
			name = Products;
			sourceTree = "<group>";
		};
/* End PBXGroup section */

/* Begin PBXNativeTarget section */
		41C1BB9A2E3B3E7B00CFDF7F /* HostelHunt */ = {
			isa = PBXNativeTarget;
			buildConfigurationList = 41C1BBBC2E3B3E7D00CFDF7F /* Build configuration list for PBXNativeTarget "HostelHunt" */;
			buildPhases = (
				41C1BB972E3B3E7B00CFDF7F /* Sources */,
				41C1BB982E3B3E7B00CFDF7F /* Frameworks */,
				41C1BB992E3B3E7B00CFDF7F /* Resources */,
			);
			buildRules = (
			);
			dependencies = (
			);
			fileSystemSynchronizedGroups = (
				41C1BB9D2E3B3E7B00CFDF7F /* HostelHunt */,
			);
			name = HostelHunt;
			packageProductDependencies = (
				4115DD892E43A20600AACB68 /* Auth */,
				4115DD8B2E43A20600AACB68 /* PostgREST */,
				4115DD8D2E43A20600AACB68 /* Realtime */,
				4115DD8F2E43A20600AACB68 /* Storage */,
				4115DD912E43A20600AACB68 /* Supabase */,
			);
			productName = HostelHunt;
			productReference = 41C1BB9B2E3B3E7B00CFDF7F /* HostelHunt.app */;
			productType = "com.apple.product-type.application";
		};
		41C1BBA72E3B3E7D00CFDF7F /* HostelHuntTests */ = {
			isa = PBXNativeTarget;
			buildConfigurationList = 41C1BBBF2E3B3E7D00CFDF7F /* Build configuration list for PBXNativeTarget "HostelHuntTests" */;
			buildPhases = (
				41C1BBA42E3B3E7D00CFDF7F /* Sources */,
				41C1BBA52E3B3E7D00CFDF7F /* Frameworks */,
				41C1BBA62E3B3E7D00CFDF7F /* Resources */,
			);
			buildRules = (
			);
			dependencies = (
				41C1BBAA2E3B3E7D00CFDF7F /* PBXTargetDependency */,
			);
			fileSystemSynchronizedGroups = (
				41C1BBAB2E3B3E7D00CFDF7F /* HostelHuntTests */,
			);
			name = HostelHuntTests;
			packageProductDependencies = (
			);
			productName = HostelHuntTests;
			productReference = 41C1BBA82E3B3E7D00CFDF7F /* HostelHuntTests.xctest */;
			productType = "com.apple.product-type.bundle.unit-test";
		};
		41C1BBB12E3B3E7D00CFDF7F /* HostelHuntUITests */ = {
			isa = PBXNativeTarget;
			buildConfigurationList = 41C1BBC22E3B3E7D00CFDF7F /* Build configuration list for PBXNativeTarget "HostelHuntUITests" */;
			buildPhases = (
				41C1BBAE2E3B3E7D00CFDF7F /* Sources */,
				41C1BBAF2E3B3E7D00CFDF7F /* Frameworks */,
				41C1BBB02E3B3E7D00CFDF7F /* Resources */,
			);
			buildRules = (
			);
			dependencies = (
				41C1BBB42E3B3E7D00CFDF7F /* PBXTargetDependency */,
			);
			fileSystemSynchronizedGroups = (
				41C1BBB52E3B3E7D00CFDF7F /* HostelHuntUITests */,
			);
			name = HostelHuntUITests;
			packageProductDependencies = (
			);
			productName = HostelHuntUITests;
			productReference = 41C1BBB22E3B3E7D00CFDF7F /* HostelHuntUITests.xctest */;
			productType = "com.apple.product-type.bundle.ui-testing";
		};
/* End PBXNativeTarget section */

/* Begin PBXProject section */
		41C1BB932E3B3E7B00CFDF7F /* Project object */ = {
			isa = PBXProject;
			attributes = {
				BuildIndependentTargetsInParallel = 1;
				LastSwiftUpdateCheck = 1630;
				LastUpgradeCheck = 1630;
				TargetAttributes = {
					41C1BB9A2E3B3E7B00CFDF7F = {
						CreatedOnToolsVersion = 16.3;
					};
					41C1BBA72E3B3E7D00CFDF7F = {
						CreatedOnToolsVersion = 16.3;
						TestTargetID = 41C1BB9A2E3B3E7B00CFDF7F;
					};
					41C1BBB12E3B3E7D00CFDF7F = {
						CreatedOnToolsVersion = 16.3;
						TestTargetID = 41C1BB9A2E3B3E7B00CFDF7F;
					};
				};
			};
			buildConfigurationList = 41C1BB962E3B3E7B00CFDF7F /* Build configuration list for PBXProject "HostelHunt" */;
			developmentRegion = en;
			hasScannedForEncodings = 0;
			knownRegions = (
				en,
				Base,
			);
			mainGroup = 41C1BB922E3B3E7B00CFDF7F;
			minimizedProjectReferenceProxies = 1;
			packageReferences = (
				4115DD882E43A20600AACB68 /* XCRemoteSwiftPackageReference "supabase-swift" */,
			);
			preferredProjectObjectVersion = 77;
			productRefGroup = 41C1BB9C2E3B3E7B00CFDF7F /* Products */;
			projectDirPath = "";
			projectRoot = "";
			targets = (
				41C1BB9A2E3B3E7B00CFDF7F /* HostelHunt */,
				41C1BBA72E3B3E7D00CFDF7F /* HostelHuntTests */,
				41C1BBB12E3B3E7D00CFDF7F /* HostelHuntUITests */,
			);
		};
/* End PBXProject section */

/* Begin PBXResourcesBuildPhase section */
		41C1BB992E3B3E7B00CFDF7F /* Resources */ = {
			isa = PBXResourcesBuildPhase;
			buildActionMask = 2147483647;
			files = (
			);
			runOnlyForDeploymentPostprocessing = 0;
		};
		41C1BBA62E3B3E7D00CFDF7F /* Resources */ = {
			isa = PBXResourcesBuildPhase;
			buildActionMask = 2147483647;
			files = (
			);
			runOnlyForDeploymentPostprocessing = 0;
		};
		41C1BBB02E3B3E7D00CFDF7F /* Resources */ = {
			isa = PBXResourcesBuildPhase;
			buildActionMask = 2147483647;
			files = (
			);
			runOnlyForDeploymentPostprocessing = 0;
		};
/* End PBXResourcesBuildPhase section */

/* Begin PBXSourcesBuildPhase section */
		41C1BB972E3B3E7B00CFDF7F /* Sources */ = {
			isa = PBXSourcesBuildPhase;
			buildActionMask = 2147483647;
			files = (
			);
			runOnlyForDeploymentPostprocessing = 0;
		};
		41C1BBA42E3B3E7D00CFDF7F /* Sources */ = {
			isa = PBXSourcesBuildPhase;
			buildActionMask = 2147483647;
			files = (
			);
			runOnlyForDeploymentPostprocessing = 0;
		};
		41C1BBAE2E3B3E7D00CFDF7F /* Sources */ = {
			isa = PBXSourcesBuildPhase;
			buildActionMask = 2147483647;
			files = (
			);
			runOnlyForDeploymentPostprocessing = 0;
		};
/* End PBXSourcesBuildPhase section */

/* Begin PBXTargetDependency section */
		41C1BBAA2E3B3E7D00CFDF7F /* PBXTargetDependency */ = {
			isa = PBXTargetDependency;
			target = 41C1BB9A2E3B3E7B00CFDF7F /* HostelHunt */;
			targetProxy = 41C1BBA92E3B3E7D00CFDF7F /* PBXContainerItemProxy */;
		};
		41C1BBB42E3B3E7D00CFDF7F /* PBXTargetDependency */ = {
			isa = PBXTargetDependency;
			target = 41C1BB9A2E3B3E7B00CFDF7F /* HostelHunt */;
			targetProxy = 41C1BBB32E3B3E7D00CFDF7F /* PBXContainerItemProxy */;
		};
/* End PBXTargetDependency section */

/* Begin XCBuildConfiguration section */
		41C1BBBA2E3B3E7D00CFDF7F /* Debug */ = {
			isa = XCBuildConfiguration;
			buildSettings = {
				ALWAYS_SEARCH_USER_PATHS = NO;
				ASSETCATALOG_COMPILER_GENERATE_SWIFT_ASSET_SYMBOL_EXTENSIONS = YES;
				CLANG_ANALYZER_NONNULL = YES;
				CLANG_ANALYZER_NUMBER_OBJECT_CONVERSION = YES_AGGRESSIVE;
				CLANG_CXX_LANGUAGE_STANDARD = "gnu++20";
				CLANG_ENABLE_MODULES = YES;
				CLANG_ENABLE_OBJC_ARC = YES;
				CLANG_ENABLE_OBJC_WEAK = YES;
				CLANG_WARN_BLOCK_CAPTURE_AUTORELEASING = YES;
				CLANG_WARN_BOOL_CONVERSION = YES;
				CLANG_WARN_COMMA = YES;
				CLANG_WARN_CONSTANT_CONVERSION = YES;
				CLANG_WARN_DEPRECATED_OBJC_IMPLEMENTATIONS = YES;
				CLANG_WARN_DIRECT_OBJC_ISA_USAGE = YES_ERROR;
				CLANG_WARN_DOCUMENTATION_COMMENTS = YES;
				CLANG_WARN_EMPTY_BODY = YES;
				CLANG_WARN_ENUM_CONVERSION = YES;
				CLANG_WARN_INFINITE_RECURSION = YES;
				CLANG_WARN_INT_CONVERSION = YES;
				CLANG_WARN_NON_LITERAL_NULL_CONVERSION = YES;
				CLANG_WARN_OBJC_IMPLICIT_RETAIN_SELF = YES;
				CLANG_WARN_OBJC_LITERAL_CONVERSION = YES;
				CLANG_WARN_OBJC_ROOT_CLASS = YES_ERROR;
				CLANG_WARN_QUOTED_INCLUDE_IN_FRAMEWORK_HEADER = YES;
				CLANG_WARN_RANGE_LOOP_ANALYSIS = YES;
				CLANG_WARN_STRICT_PROTOTYPES = YES;
				CLANG_WARN_SUSPICIOUS_MOVE = YES;
				CLANG_WARN_UNGUARDED_AVAILABILITY = YES_AGGRESSIVE;
				CLANG_WARN_UNREACHABLE_CODE = YES;
				CLANG_WARN__DUPLICATE_METHOD_MATCH = YES;
				COPY_PHASE_STRIP = NO;
				DEBUG_INFORMATION_FORMAT = dwarf;
				ENABLE_STRICT_OBJC_MSGSEND = YES;
				ENABLE_TESTABILITY = YES;
				ENABLE_USER_SCRIPT_SANDBOXING = YES;
				GCC_C_LANGUAGE_STANDARD = gnu17;
				GCC_DYNAMIC_NO_PIC = NO;
				GCC_NO_COMMON_BLOCKS = YES;
				GCC_OPTIMIZATION_LEVEL = 0;
				GCC_PREPROCESSOR_DEFINITIONS = (
					"DEBUG=1",
					"$(inherited)",
				);
				GCC_WARN_64_TO_32_BIT_CONVERSION = YES;
				GCC_WARN_ABOUT_RETURN_TYPE = YES_ERROR;
				GCC_WARN_UNDECLARED_SELECTOR = YES;
				GCC_WARN_UNINITIALIZED_AUTOS = YES_AGGRESSIVE;
				GCC_WARN_UNUSED_FUNCTION = YES;
				GCC_WARN_UNUSED_VARIABLE = YES;
				IPHONEOS_DEPLOYMENT_TARGET = 18.4;
				LOCALIZATION_PREFERS_STRING_CATALOGS = YES;
				MTL_ENABLE_DEBUG_INFO = INCLUDE_SOURCE;
				MTL_FAST_MATH = YES;
				ONLY_ACTIVE_ARCH = YES;
				SDKROOT = iphoneos;
				SWIFT_ACTIVE_COMPILATION_CONDITIONS = "DEBUG $(inherited)";
				SWIFT_OPTIMIZATION_LEVEL = "-Onone";
			};
			name = Debug;
		};
		41C1BBBB2E3B3E7D00CFDF7F /* Release */ = {
			isa = XCBuildConfiguration;
			buildSettings = {
				ALWAYS_SEARCH_USER_PATHS = NO;
				ASSETCATALOG_COMPILER_GENERATE_SWIFT_ASSET_SYMBOL_EXTENSIONS = YES;
				CLANG_ANALYZER_NONNULL = YES;
				CLANG_ANALYZER_NUMBER_OBJECT_CONVERSION = YES_AGGRESSIVE;
				CLANG_CXX_LANGUAGE_STANDARD = "gnu++20";
				CLANG_ENABLE_MODULES = YES;
				CLANG_ENABLE_OBJC_ARC = YES;
				CLANG_ENABLE_OBJC_WEAK = YES;
				CLANG_WARN_BLOCK_CAPTURE_AUTORELEASING = YES;
				CLANG_WARN_BOOL_CONVERSION = YES;
				CLANG_WARN_COMMA = YES;
				CLANG_WARN_CONSTANT_CONVERSION = YES;
				CLANG_WARN_DEPRECATED_OBJC_IMPLEMENTATIONS = YES;
				CLANG_WARN_DIRECT_OBJC_ISA_USAGE = YES_ERROR;
				CLANG_WARN_DOCUMENTATION_COMMENTS = YES;
				CLANG_WARN_EMPTY_BODY = YES;
				CLANG_WARN_ENUM_CONVERSION = YES;
				CLANG_WARN_INFINITE_RECURSION = YES;
				CLANG_WARN_INT_CONVERSION = YES;
				CLANG_WARN_NON_LITERAL_NULL_CONVERSION = YES;
				CLANG_WARN_OBJC_IMPLICIT_RETAIN_SELF = YES;
				CLANG_WARN_OBJC_LITERAL_CONVERSION = YES;
				CLANG_WARN_OBJC_ROOT_CLASS = YES_ERROR;
				CLANG_WARN_QUOTED_INCLUDE_IN_FRAMEWORK_HEADER = YES;
				CLANG_WARN_RANGE_LOOP_ANALYSIS = YES;
				CLANG_WARN_STRICT_PROTOTYPES = YES;
				CLANG_WARN_SUSPICIOUS_MOVE = YES;
				CLANG_WARN_UNGUARDED_AVAILABILITY = YES_AGGRESSIVE;
				CLANG_WARN_UNREACHABLE_CODE = YES;
				CLANG_WARN__DUPLICATE_METHOD_MATCH = YES;
				COPY_PHASE_STRIP = NO;
				DEBUG_INFORMATION_FORMAT = "dwarf-with-dsym";
				ENABLE_NS_ASSERTIONS = NO;
				ENABLE_STRICT_OBJC_MSGSEND = YES;
				ENABLE_USER_SCRIPT_SANDBOXING = YES;
				GCC_C_LANGUAGE_STANDARD = gnu17;
				GCC_NO_COMMON_BLOCKS = YES;
				GCC_WARN_64_TO_32_BIT_CONVERSION = YES;
				GCC_WARN_ABOUT_RETURN_TYPE = YES_ERROR;
				GCC_WARN_UNDECLARED_SELECTOR = YES;
				GCC_WARN_UNINITIALIZED_AUTOS = YES_AGGRESSIVE;
				GCC_WARN_UNUSED_FUNCTION = YES;
				GCC_WARN_UNUSED_VARIABLE = YES;
				IPHONEOS_DEPLOYMENT_TARGET = 18.4;
				LOCALIZATION_PREFERS_STRING_CATALOGS = YES;
				MTL_ENABLE_DEBUG_INFO = NO;
				MTL_FAST_MATH = YES;
				SDKROOT = iphoneos;
				SWIFT_COMPILATION_MODE = wholemodule;
				VALIDATE_PRODUCT = YES;
			};
			name = Release;
		};
		41C1BBBD2E3B3E7D00CFDF7F /* Debug */ = {
			isa = XCBuildConfiguration;
			buildSettings = {
				ASSETCATALOG_COMPILER_APPICON_NAME = AppIcon;
				ASSETCATALOG_COMPILER_GLOBAL_ACCENT_COLOR_NAME = AccentColor;
				CODE_SIGN_STYLE = Automatic;
				CURRENT_PROJECT_VERSION = 1;
				ENABLE_PREVIEWS = YES;
				GENERATE_INFOPLIST_FILE = YES;
				INFOPLIST_KEY_UIApplicationSceneManifest_Generation = YES;
				INFOPLIST_KEY_UIApplicationSupportsIndirectInputEvents = YES;
				INFOPLIST_KEY_UILaunchScreen_Generation = YES;
				INFOPLIST_KEY_UISupportedInterfaceOrientations_iPad = "UIInterfaceOrientationPortrait UIInterfaceOrientationPortraitUpsideDown UIInterfaceOrientationLandscapeLeft UIInterfaceOrientationLandscapeRight";
				INFOPLIST_KEY_UISupportedInterfaceOrientations_iPhone = "UIInterfaceOrientationPortrait UIInterfaceOrientationLandscapeLeft UIInterfaceOrientationLandscapeRight";
				LD_RUNPATH_SEARCH_PATHS = (
					"$(inherited)",
					"@executable_path/Frameworks",
				);
				MARKETING_VERSION = 1.0;
				PRODUCT_BUNDLE_IDENTIFIER = com.jhaaryan597.HostelHunt;
				PRODUCT_NAME = "$(TARGET_NAME)";
				SWIFT_EMIT_LOC_STRINGS = YES;
				SWIFT_VERSION = 5.0;
				TARGETED_DEVICE_FAMILY = "1,2";
			};
			name = Debug;
		};
		41C1BBBE2E3B3E7D00CFDF7F /* Release */ = {
			isa = XCBuildConfiguration;
			buildSettings = {
				ASSETCATALOG_COMPILER_APPICON_NAME = AppIcon;
				ASSETCATALOG_COMPILER_GLOBAL_ACCENT_COLOR_NAME = AccentColor;
				CODE_SIGN_STYLE = Automatic;
				CURRENT_PROJECT_VERSION = 1;
				ENABLE_PREVIEWS = YES;
				GENERATE_INFOPLIST_FILE = YES;
				INFOPLIST_KEY_UIApplicationSceneManifest_Generation = YES;
				INFOPLIST_KEY_UIApplicationSupportsIndirectInputEvents = YES;
				INFOPLIST_KEY_UILaunchScreen_Generation = YES;
				INFOPLIST_KEY_UISupportedInterfaceOrientations_iPad = "UIInterfaceOrientationPortrait UIInterfaceOrientationPortraitUpsideDown UIInterfaceOrientationLandscapeLeft UIInterfaceOrientationLandscapeRight";
				INFOPLIST_KEY_UISupportedInterfaceOrientations_iPhone = "UIInterfaceOrientationPortrait UIInterfaceOrientationLandscapeLeft UIInterfaceOrientationLandscapeRight";
				LD_RUNPATH_SEARCH_PATHS = (
					"$(inherited)",
					"@executable_path/Frameworks",
				);
				MARKETING_VERSION = 1.0;
				PRODUCT_BUNDLE_IDENTIFIER = com.jhaaryan597.HostelHunt;
				PRODUCT_NAME = "$(TARGET_NAME)";
				SWIFT_EMIT_LOC_STRINGS = YES;
				SWIFT_VERSION = 5.0;
				TARGETED_DEVICE_FAMILY = "1,2";
			};
			name = Release;
		};
		41C1BBC02E3B3E7D00CFDF7F /* Debug */ = {
			isa = XCBuildConfiguration;
			buildSettings = {
				BUNDLE_LOADER = "$(TEST_HOST)";
				CODE_SIGN_STYLE = Automatic;
				CURRENT_PROJECT_VERSION = 1;
				GENERATE_INFOPLIST_FILE = YES;
				IPHONEOS_DEPLOYMENT_TARGET = 18.4;
				MARKETING_VERSION = 1.0;
				PRODUCT_BUNDLE_IDENTIFIER = com.jhaaryan597.HostelHuntTests;
				PRODUCT_NAME = "$(TARGET_NAME)";
				SWIFT_EMIT_LOC_STRINGS = NO;
				SWIFT_VERSION = 5.0;
				TARGETED_DEVICE_FAMILY = "1,2";
				TEST_HOST = "$(BUILT_PRODUCTS_DIR)/HostelHunt.app/$(BUNDLE_EXECUTABLE_FOLDER_PATH)/HostelHunt";
			};
			name = Debug;
		};
		41C1BBC12E3B3E7D00CFDF7F /* Release */ = {
			isa = XCBuildConfiguration;
			buildSettings = {
				BUNDLE_LOADER = "$(TEST_HOST)";
				CODE_SIGN_STYLE = Automatic;
				CURRENT_PROJECT_VERSION = 1;
				GENERATE_INFOPLIST_FILE = YES;
				IPHONEOS_DEPLOYMENT_TARGET = 18.4;
				MARKETING_VERSION = 1.0;
				PRODUCT_BUNDLE_IDENTIFIER = com.jhaaryan597.HostelHuntTests;
				PRODUCT_NAME = "$(TARGET_NAME)";
				SWIFT_EMIT_LOC_STRINGS = NO;
				SWIFT_VERSION = 5.0;
				TARGETED_DEVICE_FAMILY = "1,2";
				TEST_HOST = "$(BUILT_PRODUCTS_DIR)/HostelHunt.app/$(BUNDLE_EXECUTABLE_FOLDER_PATH)/HostelHunt";
			};
			name = Release;
		};
		41C1BBC32E3B3E7D00CFDF7F /* Debug */ = {
			isa = XCBuildConfiguration;
			buildSettings = {
				CODE_SIGN_STYLE = Automatic;
				CURRENT_PROJECT_VERSION = 1;
				GENERATE_INFOPLIST_FILE = YES;
				MARKETING_VERSION = 1.0;
				PRODUCT_BUNDLE_IDENTIFIER = com.jhaaryan597.HostelHuntUITests;
				PRODUCT_NAME = "$(TARGET_NAME)";
				SWIFT_EMIT_LOC_STRINGS = NO;
				SWIFT_VERSION = 5.0;
				TARGETED_DEVICE_FAMILY = "1,2";
				TEST_TARGET_NAME = HostelHunt;
			};
			name = Debug;
		};
		41C1BBC42E3B3E7D00CFDF7F /* Release */ = {
			isa = XCBuildConfiguration;
			buildSettings = {
				CODE_SIGN_STYLE = Automatic;
				CURRENT_PROJECT_VERSION = 1;
				GENERATE_INFOPLIST_FILE = YES;
				MARKETING_VERSION = 1.0;
				PRODUCT_BUNDLE_IDENTIFIER = com.jhaaryan597.HostelHuntUITests;
				PRODUCT_NAME = "$(TARGET_NAME)";
				SWIFT_EMIT_LOC_STRINGS = NO;
				SWIFT_VERSION = 5.0;
				TARGETED_DEVICE_FAMILY = "1,2";
				TEST_TARGET_NAME = HostelHunt;
			};
			name = Release;
		};
/* End XCBuildConfiguration section */

/* Begin XCConfigurationList section */
		41C1BB962E3B3E7B00CFDF7F /* Build configuration list for PBXProject "HostelHunt" */ = {
			isa = XCConfigurationList;
			buildConfigurations = (
				41C1BBBA2E3B3E7D00CFDF7F /* Debug */,
				41C1BBBB2E3B3E7D00CFDF7F /* Release */,
			);
			defaultConfigurationIsVisible = 0;
			defaultConfigurationName = Release;
		};
		41C1BBBC2E3B3E7D00CFDF7F /* Build configuration list for PBXNativeTarget "HostelHunt" */ = {
			isa = XCConfigurationList;
			buildConfigurations = (
				41C1BBBD2E3B3E7D00CFDF7F /* Debug */,
				41C1BBBE2E3B3E7D00CFDF7F /* Release */,
			);
			defaultConfigurationIsVisible = 0;
			defaultConfigurationName = Release;
		};
		41C1BBBF2E3B3E7D00CFDF7F /* Build configuration list for PBXNativeTarget "HostelHuntTests" */ = {
			isa = XCConfigurationList;
			buildConfigurations = (
				41C1BBC02E3B3E7D00CFDF7F /* Debug */,
				41C1BBC12E3B3E7D00CFDF7F /* Release */,
			);
			defaultConfigurationIsVisible = 0;
			defaultConfigurationName = Release;
		};
		41C1BBC22E3B3E7D00CFDF7F /* Build configuration list for PBXNativeTarget "HostelHuntUITests" */ = {
			isa = XCConfigurationList;
			buildConfigurations = (
				41C1BBC32E3B3E7D00CFDF7F /* Debug */,
				41C1BBC42E3B3E7D00CFDF7F /* Release */,
			);
			defaultConfigurationIsVisible = 0;
			defaultConfigurationName = Release;
		};
/* End XCConfigurationList section */

/* Begin XCRemoteSwiftPackageReference section */
		4115DD882E43A20600AACB68 /* XCRemoteSwiftPackageReference "supabase-swift" */ = {
			isa = XCRemoteSwiftPackageReference;
			repositoryURL = "https://github.com/supabase/supabase-swift.git";
			requirement = {
				kind = upToNextMajorVersion;
				minimumVersion = 2.5.1;
			};
		};
/* End XCRemoteSwiftPackageReference section */

/* Begin XCSwiftPackageProductDependency section */
		4115DD892E43A20600AACB68 /* Auth */ = {
			isa = XCSwiftPackageProductDependency;
			package = 4115DD882E43A20600AACB68 /* XCRemoteSwiftPackageReference "supabase-swift" */;
			productName = Auth;
		};
		4115DD8B2E43A20600AACB68 /* PostgREST */ = {
			isa = XCSwiftPackageProductDependency;
			package = 4115DD882E43A20600AACB68 /* XCRemoteSwiftPackageReference "supabase-swift" */;
			productName = PostgREST;
		};
		4115DD8D2E43A20600AACB68 /* Realtime */ = {
			isa = XCSwiftPackageProductDependency;
			package = 4115DD882E43A20600AACB68 /* XCRemoteSwiftPackageReference "supabase-swift" */;
			productName = Realtime;
		};
		4115DD8F2E43A20600AACB68 /* Storage */ = {
			isa = XCSwiftPackageProductDependency;
			package = 4115DD882E43A20600AACB68 /* XCRemoteSwiftPackageReference "supabase-swift" */;
			productName = Storage;
		};
		4115DD912E43A20600AACB68 /* Supabase */ = {
			isa = XCSwiftPackageProductDependency;
			package = 4115DD882E43A20600AACB68 /* XCRemoteSwiftPackageReference "supabase-swift" */;
			productName = Supabase;
		};
/* End XCSwiftPackageProductDependency section */
	};
	rootObject = 41C1BB932E3B3E7B00CFDF7F /* Project object */;
}
